// !$*UTF8*$!
{
	archiveVersion = 1;
	classes = {
	};
	objectVersion = 56;
	objects = {

/* Begin PBXBuildFile section */
		D71B777A2B1F512100A3051B /* App.swift in Sources */ = {isa = PBXBuildFile; fileRef = D71B77792B1F512100A3051B /* App.swift */; };
		D71B777C2B1F512100A3051B /* ExampleDocument.swift in Sources */ = {isa = PBXBuildFile; fileRef = D71B777B2B1F512100A3051B /* ExampleDocument.swift */; };
		D71B777E2B1F512100A3051B /* ContentView.swift in Sources */ = {isa = PBXBuildFile; fileRef = D71B777D2B1F512100A3051B /* ContentView.swift */; };
		D71B77802B1F512300A3051B /* Assets.xcassets in Resources */ = {isa = PBXBuildFile; fileRef = D71B777F2B1F512300A3051B /* Assets.xcassets */; };
		D71B77832B1F512300A3051B /* Preview Assets.xcassets in Resources */ = {isa = PBXBuildFile; fileRef = D71B77822B1F512300A3051B /* Preview Assets.xcassets */; };
		D71B778D2B1F6AE700A3051B /* WelcomeView.swift in Sources */ = {isa = PBXBuildFile; fileRef = D71B778C2B1F6AE700A3051B /* WelcomeView.swift */; };
		D71B778F2B1F6B0D00A3051B /* SettingsView.swift in Sources */ = {isa = PBXBuildFile; fileRef = D71B778E2B1F6B0D00A3051B /* SettingsView.swift */; };
		D71B77922B1F6B3300A3051B /* SwiftUI+Binding.swift in Sources */ = {isa = PBXBuildFile; fileRef = D71B77912B1F6B3300A3051B /* SwiftUI+Binding.swift */; };
		D71B77942B1F6B5300A3051B /* NSApplication+Window.swift in Sources */ = {isa = PBXBuildFile; fileRef = D71B77932B1F6B5300A3051B /* NSApplication+Window.swift */; };
		D71B77962B1F6B7200A3051B /* AppDelegate.swift in Sources */ = {isa = PBXBuildFile; fileRef = D71B77952B1F6B7200A3051B /* AppDelegate.swift */; };
/* End PBXBuildFile section */

/* Begin PBXFileReference section */
		D71B77762B1F512100A3051B /* DocumentWithWelcomeScreen.app */ = {isa = PBXFileReference; explicitFileType = wrapper.application; includeInIndex = 0; path = DocumentWithWelcomeScreen.app; sourceTree = BUILT_PRODUCTS_DIR; };
		D71B77792B1F512100A3051B /* App.swift */ = {isa = PBXFileReference; lastKnownFileType = sourcecode.swift; path = App.swift; sourceTree = "<group>"; };
		D71B777B2B1F512100A3051B /* ExampleDocument.swift */ = {isa = PBXFileReference; lastKnownFileType = sourcecode.swift; path = ExampleDocument.swift; sourceTree = "<group>"; };
		D71B777D2B1F512100A3051B /* ContentView.swift */ = {isa = PBXFileReference; lastKnownFileType = sourcecode.swift; path = ContentView.swift; sourceTree = "<group>"; };
		D71B777F2B1F512300A3051B /* Assets.xcassets */ = {isa = PBXFileReference; lastKnownFileType = folder.assetcatalog; path = Assets.xcassets; sourceTree = "<group>"; };
		D71B77822B1F512300A3051B /* Preview Assets.xcassets */ = {isa = PBXFileReference; lastKnownFileType = folder.assetcatalog; path = "Preview Assets.xcassets"; sourceTree = "<group>"; };
		D71B77842B1F512300A3051B /* Info.plist */ = {isa = PBXFileReference; lastKnownFileType = text.plist.xml; path = Info.plist; sourceTree = "<group>"; };
		D71B77852B1F512300A3051B /* DocumentWithWelcomeScreen.entitlements */ = {isa = PBXFileReference; lastKnownFileType = text.plist.entitlements; path = DocumentWithWelcomeScreen.entitlements; sourceTree = "<group>"; };
		D71B778C2B1F6AE700A3051B /* WelcomeView.swift */ = {isa = PBXFileReference; lastKnownFileType = sourcecode.swift; path = WelcomeView.swift; sourceTree = "<group>"; };
		D71B778E2B1F6B0D00A3051B /* SettingsView.swift */ = {isa = PBXFileReference; lastKnownFileType = sourcecode.swift; path = SettingsView.swift; sourceTree = "<group>"; };
		D71B77912B1F6B3300A3051B /* SwiftUI+Binding.swift */ = {isa = PBXFileReference; lastKnownFileType = sourcecode.swift; path = "SwiftUI+Binding.swift"; sourceTree = "<group>"; };
		D71B77932B1F6B5300A3051B /* NSApplication+Window.swift */ = {isa = PBXFileReference; lastKnownFileType = sourcecode.swift; path = "NSApplication+Window.swift"; sourceTree = "<group>"; };
		D71B77952B1F6B7200A3051B /* AppDelegate.swift */ = {isa = PBXFileReference; lastKnownFileType = sourcecode.swift; path = AppDelegate.swift; sourceTree = "<group>"; };
		D71B77972B1F8AEF00A3051B /* README.md */ = {isa = PBXFileReference; lastKnownFileType = net.daringfireball.markdown; path = README.md; sourceTree = "<group>"; };
/* End PBXFileReference section */

/* Begin PBXFrameworksBuildPhase section */
		D71B77732B1F512100A3051B /* Frameworks */ = {
			isa = PBXFrameworksBuildPhase;
			buildActionMask = 2147483647;
			files = (
			);
			runOnlyForDeploymentPostprocessing = 0;
		};
/* End PBXFrameworksBuildPhase section */

/* Begin PBXGroup section */
		D71B776D2B1F512100A3051B = {
			isa = PBXGroup;
			children = (
				D71B77972B1F8AEF00A3051B /* README.md */,
				D71B77782B1F512100A3051B /* DocumentWithWelcomeScreen */,
				D71B77772B1F512100A3051B /* Products */,
			);
			sourceTree = "<group>";
		};
		D71B77772B1F512100A3051B /* Products */ = {
			isa = PBXGroup;
			children = (
				D71B77762B1F512100A3051B /* DocumentWithWelcomeScreen.app */,
			);
			name = Products;
			sourceTree = "<group>";
		};
		D71B77782B1F512100A3051B /* DocumentWithWelcomeScreen */ = {
			isa = PBXGroup;
			children = (
				D71B77902B1F6B2500A3051B /* Extensions */,
				D71B778B2B1F6AD100A3051B /* Views */,
				D71B77792B1F512100A3051B /* App.swift */,
				D71B77952B1F6B7200A3051B /* AppDelegate.swift */,
				D71B777B2B1F512100A3051B /* ExampleDocument.swift */,
				D71B777D2B1F512100A3051B /* ContentView.swift */,
				D71B777F2B1F512300A3051B /* Assets.xcassets */,
				D71B77842B1F512300A3051B /* Info.plist */,
				D71B77852B1F512300A3051B /* DocumentWithWelcomeScreen.entitlements */,
				D71B77812B1F512300A3051B /* Preview Content */,
			);
			path = DocumentWithWelcomeScreen;
			sourceTree = "<group>";
		};
		D71B77812B1F512300A3051B /* Preview Content */ = {
			isa = PBXGroup;
			children = (
				D71B77822B1F512300A3051B /* Preview Assets.xcassets */,
			);
			path = "Preview Content";
			sourceTree = "<group>";
		};
		D71B778B2B1F6AD100A3051B /* Views */ = {
			isa = PBXGroup;
			children = (
				D71B778C2B1F6AE700A3051B /* WelcomeView.swift */,
				D71B778E2B1F6B0D00A3051B /* SettingsView.swift */,
			);
			path = Views;
			sourceTree = "<group>";
		};
		D71B77902B1F6B2500A3051B /* Extensions */ = {
			isa = PBXGroup;
			children = (
				D71B77912B1F6B3300A3051B /* SwiftUI+Binding.swift */,
				D71B77932B1F6B5300A3051B /* NSApplication+Window.swift */,
			);
			path = Extensions;
			sourceTree = "<group>";
		};
/* End PBXGroup section */

/* Begin PBXNativeTarget section */
		D71B77752B1F512100A3051B /* DocumentWithWelcomeScreen */ = {
			isa = PBXNativeTarget;
			buildConfigurationList = D71B77882B1F512300A3051B /* Build configuration list for PBXNativeTarget "DocumentWithWelcomeScreen" */;
			buildPhases = (
				D71B77722B1F512100A3051B /* Sources */,
				D71B77732B1F512100A3051B /* Frameworks */,
				D71B77742B1F512100A3051B /* Resources */,
			);
			buildRules = (
			);
			dependencies = (
			);
			name = DocumentWithWelcomeScreen;
			productName = DocumentWithWelcomeScreen;
			productReference = D71B77762B1F512100A3051B /* DocumentWithWelcomeScreen.app */;
			productType = "com.apple.product-type.application";
		};
/* End PBXNativeTarget section */

/* Begin PBXProject section */
		D71B776E2B1F512100A3051B /* Project object */ = {
			isa = PBXProject;
			attributes = {
				BuildIndependentTargetsInParallel = 1;
				LastSwiftUpdateCheck = 1500;
				LastUpgradeCheck = 1500;
				TargetAttributes = {
					D71B77752B1F512100A3051B = {
						CreatedOnToolsVersion = 15.0.1;
					};
				};
			};
			buildConfigurationList = D71B77712B1F512100A3051B /* Build configuration list for PBXProject "DocumentWithWelcomeScreen" */;
			compatibilityVersion = "Xcode 14.0";
			developmentRegion = en;
			hasScannedForEncodings = 0;
			knownRegions = (
				en,
				Base,
			);
			mainGroup = D71B776D2B1F512100A3051B;
			productRefGroup = D71B77772B1F512100A3051B /* Products */;
			projectDirPath = "";
			projectRoot = "";
			targets = (
				D71B77752B1F512100A3051B /* DocumentWithWelcomeScreen */,
			);
		};
/* End PBXProject section */

/* Begin PBXResourcesBuildPhase section */
		D71B77742B1F512100A3051B /* Resources */ = {
			isa = PBXResourcesBuildPhase;
			buildActionMask = 2147483647;
			files = (
				D71B77832B1F512300A3051B /* Preview Assets.xcassets in Resources */,
				D71B77802B1F512300A3051B /* Assets.xcassets in Resources */,
			);
			runOnlyForDeploymentPostprocessing = 0;
		};
/* End PBXResourcesBuildPhase section */

/* Begin PBXSourcesBuildPhase section */
		D71B77722B1F512100A3051B /* Sources */ = {
			isa = PBXSourcesBuildPhase;
			buildActionMask = 2147483647;
			files = (
				D71B77962B1F6B7200A3051B /* AppDelegate.swift in Sources */,
				D71B778F2B1F6B0D00A3051B /* SettingsView.swift in Sources */,
				D71B77922B1F6B3300A3051B /* SwiftUI+Binding.swift in Sources */,
				D71B77942B1F6B5300A3051B /* NSApplication+Window.swift in Sources */,
				D71B777C2B1F512100A3051B /* ExampleDocument.swift in Sources */,
				D71B777A2B1F512100A3051B /* App.swift in Sources */,
				D71B777E2B1F512100A3051B /* ContentView.swift in Sources */,
				D71B778D2B1F6AE700A3051B /* WelcomeView.swift in Sources */,
			);
			runOnlyForDeploymentPostprocessing = 0;
		};
/* End PBXSourcesBuildPhase section */

/* Begin XCBuildConfiguration section */
		D71B77862B1F512300A3051B /* Debug */ = {
			isa = XCBuildConfiguration;
			buildSettings = {
				ALWAYS_SEARCH_USER_PATHS = NO;
				ASSETCATALOG_COMPILER_GENERATE_SWIFT_ASSET_SYMBOL_EXTENSIONS = YES;
				CLANG_ANALYZER_NONNULL = YES;
				CLANG_ANALYZER_NUMBER_OBJECT_CONVERSION = YES_AGGRESSIVE;
				CLANG_CXX_LANGUAGE_STANDARD = "gnu++20";
				CLANG_ENABLE_MODULES = YES;
				CLANG_ENABLE_OBJC_ARC = YES;
				CLANG_ENABLE_OBJC_WEAK = YES;
				CLANG_WARN_BLOCK_CAPTURE_AUTORELEASING = YES;
				CLANG_WARN_BOOL_CONVERSION = YES;
				CLANG_WARN_COMMA = YES;
				CLANG_WARN_CONSTANT_CONVERSION = YES;
				CLANG_WARN_DEPRECATED_OBJC_IMPLEMENTATIONS = YES;
				CLANG_WARN_DIRECT_OBJC_ISA_USAGE = YES_ERROR;
				CLANG_WARN_DOCUMENTATION_COMMENTS = YES;
				CLANG_WARN_EMPTY_BODY = YES;
				CLANG_WARN_ENUM_CONVERSION = YES;
				CLANG_WARN_INFINITE_RECURSION = YES;
				CLANG_WARN_INT_CONVERSION = YES;
				CLANG_WARN_NON_LITERAL_NULL_CONVERSION = YES;
				CLANG_WARN_OBJC_IMPLICIT_RETAIN_SELF = YES;
				CLANG_WARN_OBJC_LITERAL_CONVERSION = YES;
				CLANG_WARN_OBJC_ROOT_CLASS = YES_ERROR;
				CLANG_WARN_QUOTED_INCLUDE_IN_FRAMEWORK_HEADER = YES;
				CLANG_WARN_RANGE_LOOP_ANALYSIS = YES;
				CLANG_WARN_STRICT_PROTOTYPES = YES;
				CLANG_WARN_SUSPICIOUS_MOVE = YES;
				CLANG_WARN_UNGUARDED_AVAILABILITY = YES_AGGRESSIVE;
				CLANG_WARN_UNREACHABLE_CODE = YES;
				CLANG_WARN__DUPLICATE_METHOD_MATCH = YES;
				COPY_PHASE_STRIP = NO;
				DEBUG_INFORMATION_FORMAT = dwarf;
				ENABLE_STRICT_OBJC_MSGSEND = YES;
				ENABLE_TESTABILITY = YES;
				ENABLE_USER_SCRIPT_SANDBOXING = YES;
				GCC_C_LANGUAGE_STANDARD = gnu17;
				GCC_DYNAMIC_NO_PIC = NO;
				GCC_NO_COMMON_BLOCKS = YES;
				GCC_OPTIMIZATION_LEVEL = 0;
				GCC_PREPROCESSOR_DEFINITIONS = (
					"DEBUG=1",
					"$(inherited)",
				);
				GCC_WARN_64_TO_32_BIT_CONVERSION = YES;
				GCC_WARN_ABOUT_RETURN_TYPE = YES_ERROR;
				GCC_WARN_UNDECLARED_SELECTOR = YES;
				GCC_WARN_UNINITIALIZED_AUTOS = YES_AGGRESSIVE;
				GCC_WARN_UNUSED_FUNCTION = YES;
				GCC_WARN_UNUSED_VARIABLE = YES;
				LOCALIZATION_PREFERS_STRING_CATALOGS = YES;
				MACOSX_DEPLOYMENT_TARGET = 14.0;
				MTL_ENABLE_DEBUG_INFO = INCLUDE_SOURCE;
				MTL_FAST_MATH = YES;
				ONLY_ACTIVE_ARCH = YES;
				SDKROOT = macosx;
				SWIFT_ACTIVE_COMPILATION_CONDITIONS = "DEBUG $(inherited)";
				SWIFT_OPTIMIZATION_LEVEL = "-Onone";
			};
			name = Debug;
		};
		D71B77872B1F512300A3051B /* Release */ = {
			isa = XCBuildConfiguration;
			buildSettings = {
				ALWAYS_SEARCH_USER_PATHS = NO;
				ASSETCATALOG_COMPILER_GENERATE_SWIFT_ASSET_SYMBOL_EXTENSIONS = YES;
				CLANG_ANALYZER_NONNULL = YES;
				CLANG_ANALYZER_NUMBER_OBJECT_CONVERSION = YES_AGGRESSIVE;
				CLANG_CXX_LANGUAGE_STANDARD = "gnu++20";
				CLANG_ENABLE_MODULES = YES;
				CLANG_ENABLE_OBJC_ARC = YES;
				CLANG_ENABLE_OBJC_WEAK = YES;
				CLANG_WARN_BLOCK_CAPTURE_AUTORELEASING = YES;
				CLANG_WARN_BOOL_CONVERSION = YES;
				CLANG_WARN_COMMA = YES;
				CLANG_WARN_CONSTANT_CONVERSION = YES;
				CLANG_WARN_DEPRECATED_OBJC_IMPLEMENTATIONS = YES;
				CLANG_WARN_DIRECT_OBJC_ISA_USAGE = YES_ERROR;
				CLANG_WARN_DOCUMENTATION_COMMENTS = YES;
				CLANG_WARN_EMPTY_BODY = YES;
				CLANG_WARN_ENUM_CONVERSION = YES;
				CLANG_WARN_INFINITE_RECURSION = YES;
				CLANG_WARN_INT_CONVERSION = YES;
				CLANG_WARN_NON_LITERAL_NULL_CONVERSION = YES;
				CLANG_WARN_OBJC_IMPLICIT_RETAIN_SELF = YES;
				CLANG_WARN_OBJC_LITERAL_CONVERSION = YES;
				CLANG_WARN_OBJC_ROOT_CLASS = YES_ERROR;
				CLANG_WARN_QUOTED_INCLUDE_IN_FRAMEWORK_HEADER = YES;
				CLANG_WARN_RANGE_LOOP_ANALYSIS = YES;
				CLANG_WARN_STRICT_PROTOTYPES = YES;
				CLANG_WARN_SUSPICIOUS_MOVE = YES;
				CLANG_WARN_UNGUARDED_AVAILABILITY = YES_AGGRESSIVE;
				CLANG_WARN_UNREACHABLE_CODE = YES;
				CLANG_WARN__DUPLICATE_METHOD_MATCH = YES;
				COPY_PHASE_STRIP = NO;
				DEBUG_INFORMATION_FORMAT = "dwarf-with-dsym";
				ENABLE_NS_ASSERTIONS = NO;
				ENABLE_STRICT_OBJC_MSGSEND = YES;
				ENABLE_USER_SCRIPT_SANDBOXING = YES;
				GCC_C_LANGUAGE_STANDARD = gnu17;
				GCC_NO_COMMON_BLOCKS = YES;
				GCC_WARN_64_TO_32_BIT_CONVERSION = YES;
				GCC_WARN_ABOUT_RETURN_TYPE = YES_ERROR;
				GCC_WARN_UNDECLARED_SELECTOR = YES;
				GCC_WARN_UNINITIALIZED_AUTOS = YES_AGGRESSIVE;
				GCC_WARN_UNUSED_FUNCTION = YES;
				GCC_WARN_UNUSED_VARIABLE = YES;
				LOCALIZATION_PREFERS_STRING_CATALOGS = YES;
				MACOSX_DEPLOYMENT_TARGET = 14.0;
				MTL_ENABLE_DEBUG_INFO = NO;
				MTL_FAST_MATH = YES;
				SDKROOT = macosx;
				SWIFT_COMPILATION_MODE = wholemodule;
			};
			name = Release;
		};
		D71B77892B1F512300A3051B /* Debug */ = {
			isa = XCBuildConfiguration;
			buildSettings = {
				ASSETCATALOG_COMPILER_APPICON_NAME = AppIcon;
				ASSETCATALOG_COMPILER_GLOBAL_ACCENT_COLOR_NAME = AccentColor;
				CODE_SIGN_ENTITLEMENTS = DocumentWithWelcomeScreen/DocumentWithWelcomeScreen.entitlements;
				CODE_SIGN_STYLE = Automatic;
				COMBINE_HIDPI_IMAGES = YES;
				CURRENT_PROJECT_VERSION = 1;
				DEVELOPMENT_ASSET_PATHS = "\"DocumentWithWelcomeScreen/Preview Content\"";
				DEVELOPMENT_TEAM = 87M687XQ63;
				ENABLE_HARDENED_RUNTIME = YES;
				ENABLE_PREVIEWS = YES;
				GENERATE_INFOPLIST_FILE = YES;
				INFOPLIST_FILE = DocumentWithWelcomeScreen/Info.plist;
				INFOPLIST_KEY_NSHumanReadableCopyright = "";
				LD_RUNPATH_SEARCH_PATHS = (
					"$(inherited)",
					"@executable_path/../Frameworks",
				);
				MARKETING_VERSION = 1.0;
				PRODUCT_BUNDLE_IDENTIFIER = "com.ohoj-software.DocumentWithWelcomeScreen";
				PRODUCT_NAME = "$(TARGET_NAME)";
				SWIFT_EMIT_LOC_STRINGS = YES;
				SWIFT_VERSION = 5.0;
			};
			name = Debug;
		};
		D71B778A2B1F512300A3051B /* Release */ = {
			isa = XCBuildConfiguration;
			buildSettings = {
				ASSETCATALOG_COMPILER_APPICON_NAME = AppIcon;
				ASSETCATALOG_COMPILER_GLOBAL_ACCENT_COLOR_NAME = AccentColor;
				CODE_SIGN_ENTITLEMENTS = DocumentWithWelcomeScreen/DocumentWithWelcomeScreen.entitlements;
				CODE_SIGN_STYLE = Automatic;
				COMBINE_HIDPI_IMAGES = YES;
				CURRENT_PROJECT_VERSION = 1;
				DEVELOPMENT_ASSET_PATHS = "\"DocumentWithWelcomeScreen/Preview Content\"";
				DEVELOPMENT_TEAM = 87M687XQ63;
				ENABLE_HARDENED_RUNTIME = YES;
				ENABLE_PREVIEWS = YES;
				GENERATE_INFOPLIST_FILE = YES;
				INFOPLIST_FILE = DocumentWithWelcomeScreen/Info.plist;
				INFOPLIST_KEY_NSHumanReadableCopyright = "";
				LD_RUNPATH_SEARCH_PATHS = (
					"$(inherited)",
					"@executable_path/../Frameworks",
				);
				MARKETING_VERSION = 1.0;
				PRODUCT_BUNDLE_IDENTIFIER = "com.ohoj-software.DocumentWithWelcomeScreen";
				PRODUCT_NAME = "$(TARGET_NAME)";
				SWIFT_EMIT_LOC_STRINGS = YES;
				SWIFT_VERSION = 5.0;
			};
			name = Release;
		};
/* End XCBuildConfiguration section */

/* Begin XCConfigurationList section */
		D71B77712B1F512100A3051B /* Build configuration list for PBXProject "DocumentWithWelcomeScreen" */ = {
			isa = XCConfigurationList;
			buildConfigurations = (
				D71B77862B1F512300A3051B /* Debug */,
				D71B77872B1F512300A3051B /* Release */,
			);
			defaultConfigurationIsVisible = 0;
			defaultConfigurationName = Release;
		};
		D71B77882B1F512300A3051B /* Build configuration list for PBXNativeTarget "DocumentWithWelcomeScreen" */ = {
			isa = XCConfigurationList;
			buildConfigurations = (
				D71B77892B1F512300A3051B /* Debug */,
				D71B778A2B1F512300A3051B /* Release */,
			);
			defaultConfigurationIsVisible = 0;
			defaultConfigurationName = Release;
		};
/* End XCConfigurationList section */
	};
	rootObject = D71B776E2B1F512100A3051B /* Project object */;
}
